
Microsoft Visual Studio Solution File, Format Version 12.00
# Visual Studio 15
VisualStudioVersion = 15.0.26430.16
MinimumVisualStudioVersion = 10.0.40219.1
Project("{9A19103F-16F7-4668-BE54-9A1E7A4F7556}") = "MorphoProcessor", "MorphoProcessor\MorphoProcessor.csproj", "{2398B701-E7E1-4997-8E9F-BC315CA829D9}"
	ProjectSection(ProjectDependencies) = postProject
		{280D852C-B716-4D47-8F7C-4DAC4FEB34DE} = {280D852C-B716-4D47-8F7C-4DAC4FEB34DE}
		{900C1073-378C-4617-9713-5891055093FA} = {900C1073-378C-4617-9713-5891055093FA}
		{30BD32C8-1FD4-4A5A-B7AC-2BB55C166E39} = {30BD32C8-1FD4-4A5A-B7AC-2BB55C166E39}
		{9C3A72CF-393D-4AA6-958F-B99F20D4011E} = {9C3A72CF-393D-4AA6-958F-B99F20D4011E}
	EndProjectSection
EndProject
Project("{2150E333-8FDC-42A3-9474-1A3956D46DE8}") = "Search", "Search", "{7BDD5934-1689-447B-B111-96ECEE64A59A}"
EndProject
Project("{2150E333-8FDC-42A3-9474-1A3956D46DE8}") = "Language", "Language", "{E9991009-CC4A-4522-AAD9-C2C588F898C9}"
EndProject
Project("{9A19103F-16F7-4668-BE54-9A1E7A4F7556}") = "Fuzzy", "Search\Fuzzy\Fuzzy.csproj", "{900C1073-378C-4617-9713-5891055093FA}"
EndProject
Project("{9A19103F-16F7-4668-BE54-9A1E7A4F7556}") = "Strict", "Search\Strict\Strict.csproj", "{30BD32C8-1FD4-4A5A-B7AC-2BB55C166E39}"
EndProject
Project("{9A19103F-16F7-4668-BE54-9A1E7A4F7556}") = "Core", "Core\Core.csproj", "{9C3A72CF-393D-4AA6-958F-B99F20D4011E}"
EndProject
Project("{9A19103F-16F7-4668-BE54-9A1E7A4F7556}") = "RU", "Language\RU\RU.csproj", "{280D852C-B716-4D47-8F7C-4DAC4FEB34DE}"
EndProject
Project("{9A19103F-16F7-4668-BE54-9A1E7A4F7556}") = "Utils", "Utils\Utils.csproj", "{94A68A6C-D9DE-4724-9BD2-56A816C3181E}"
EndProject
Project("{9A19103F-16F7-4668-BE54-9A1E7A4F7556}") = "Contextual", "Search\Contextual\Contextual.csproj", "{793E490F-BD0F-42C3-8C6C-45D94156B307}"
EndProject
Project("{FAE04EC0-301F-11D3-BF4B-00C04F79EFBC}") = "EN", "Language\EN\EN.csproj", "{E7E957F3-7B27-4DAE-81ED-CBF2E29F0207}"
EndProject
Global
	GlobalSection(SolutionConfigurationPlatforms) = preSolution
		Debug|Any CPU = Debug|Any CPU
		Release|Any CPU = Release|Any CPU
	EndGlobalSection
	GlobalSection(ProjectConfigurationPlatforms) = postSolution
		{2398B701-E7E1-4997-8E9F-BC315CA829D9}.Debug|Any CPU.ActiveCfg = Debug|Any CPU
		{2398B701-E7E1-4997-8E9F-BC315CA829D9}.Debug|Any CPU.Build.0 = Debug|Any CPU
		{2398B701-E7E1-4997-8E9F-BC315CA829D9}.Release|Any CPU.ActiveCfg = Release|Any CPU
		{2398B701-E7E1-4997-8E9F-BC315CA829D9}.Release|Any CPU.Build.0 = Release|Any CPU
		{900C1073-378C-4617-9713-5891055093FA}.Debug|Any CPU.ActiveCfg = Debug|Any CPU
		{900C1073-378C-4617-9713-5891055093FA}.Debug|Any CPU.Build.0 = Debug|Any CPU
		{900C1073-378C-4617-9713-5891055093FA}.Release|Any CPU.ActiveCfg = Release|Any CPU
		{900C1073-378C-4617-9713-5891055093FA}.Release|Any CPU.Build.0 = Release|Any CPU
		{30BD32C8-1FD4-4A5A-B7AC-2BB55C166E39}.Debug|Any CPU.ActiveCfg = Debug|Any CPU
		{30BD32C8-1FD4-4A5A-B7AC-2BB55C166E39}.Debug|Any CPU.Build.0 = Debug|Any CPU
		{30BD32C8-1FD4-4A5A-B7AC-2BB55C166E39}.Release|Any CPU.ActiveCfg = Release|Any CPU
		{30BD32C8-1FD4-4A5A-B7AC-2BB55C166E39}.Release|Any CPU.Build.0 = Release|Any CPU
		{9C3A72CF-393D-4AA6-958F-B99F20D4011E}.Debug|Any CPU.ActiveCfg = Debug|Any CPU
		{9C3A72CF-393D-4AA6-958F-B99F20D4011E}.Debug|Any CPU.Build.0 = Debug|Any CPU
		{9C3A72CF-393D-4AA6-958F-B99F20D4011E}.Release|Any CPU.ActiveCfg = Release|Any CPU
		{9C3A72CF-393D-4AA6-958F-B99F20D4011E}.Release|Any CPU.Build.0 = Release|Any CPU
		{280D852C-B716-4D47-8F7C-4DAC4FEB34DE}.Debug|Any CPU.ActiveCfg = Debug|Any CPU
		{280D852C-B716-4D47-8F7C-4DAC4FEB34DE}.Debug|Any CPU.Build.0 = Debug|Any CPU
		{280D852C-B716-4D47-8F7C-4DAC4FEB34DE}.Release|Any CPU.ActiveCfg = Release|Any CPU
		{280D852C-B716-4D47-8F7C-4DAC4FEB34DE}.Release|Any CPU.Build.0 = Release|Any CPU
		{94A68A6C-D9DE-4724-9BD2-56A816C3181E}.Debug|Any CPU.ActiveCfg = Debug|Any CPU
		{94A68A6C-D9DE-4724-9BD2-56A816C3181E}.Debug|Any CPU.Build.0 = Debug|Any CPU
		{94A68A6C-D9DE-4724-9BD2-56A816C3181E}.Release|Any CPU.ActiveCfg = Release|Any CPU
		{94A68A6C-D9DE-4724-9BD2-56A816C3181E}.Release|Any CPU.Build.0 = Release|Any CPU
		{793E490F-BD0F-42C3-8C6C-45D94156B307}.Debug|Any CPU.ActiveCfg = Debug|Any CPU
		{793E490F-BD0F-42C3-8C6C-45D94156B307}.Debug|Any CPU.Build.0 = Debug|Any CPU
		{793E490F-BD0F-42C3-8C6C-45D94156B307}.Release|Any CPU.ActiveCfg = Release|Any CPU
		{793E490F-BD0F-42C3-8C6C-45D94156B307}.Release|Any CPU.Build.0 = Release|Any CPU
		{E7E957F3-7B27-4DAE-81ED-CBF2E29F0207}.Debug|Any CPU.ActiveCfg = Debug|Any CPU
		{E7E957F3-7B27-4DAE-81ED-CBF2E29F0207}.Debug|Any CPU.Build.0 = Debug|Any CPU
		{E7E957F3-7B27-4DAE-81ED-CBF2E29F0207}.Release|Any CPU.ActiveCfg = Release|Any CPU
		{E7E957F3-7B27-4DAE-81ED-CBF2E29F0207}.Release|Any CPU.Build.0 = Release|Any CPU
	EndGlobalSection
	GlobalSection(SolutionProperties) = preSolution
		HideSolutionNode = FALSE
	EndGlobalSection
	GlobalSection(NestedProjects) = preSolution
		{900C1073-378C-4617-9713-5891055093FA} = {7BDD5934-1689-447B-B111-96ECEE64A59A}
		{30BD32C8-1FD4-4A5A-B7AC-2BB55C166E39} = {7BDD5934-1689-447B-B111-96ECEE64A59A}
		{280D852C-B716-4D47-8F7C-4DAC4FEB34DE} = {E9991009-CC4A-4522-AAD9-C2C588F898C9}
		{793E490F-BD0F-42C3-8C6C-45D94156B307} = {7BDD5934-1689-447B-B111-96ECEE64A59A}
		{E7E957F3-7B27-4DAE-81ED-CBF2E29F0207} = {E9991009-CC4A-4522-AAD9-C2C588F898C9}
	EndGlobalSection
EndGlobal
